{
  "name": "@audio/effect",
  "version": "2.1.4",
  "lockfileVersion": 3,
  "requires": true,
  "packages": {
    "": {
      "name": "@audio/effect",
      "version": "2.1.4",
      "license": "MIT",
      "workspaces": [
        "packages/*"
      ],
      "dependencies": {
        "@audio/effect-autowah": "^1.0.0",
        "@audio/effect-bitcrusher": "^1.0.0",
        "@audio/effect-chorus": "^2.0.0",
        "@audio/effect-delay": "^1.0.0",
        "@audio/effect-distortion": "^1.0.0",
        "@audio/effect-exciter": "^1.0.0",
        "@audio/effect-flanger": "^2.0.0",
        "@audio/effect-freqshift": "^1.0.0",
        "@audio/effect-gain": "^1.0.0",
        "@audio/effect-graindelay": "^1.0.0",
        "@audio/effect-lofi": "^1.0.0",
        "@audio/effect-mixer": "^1.0.0",
        "@audio/effect-multitap": "^1.0.0",
        "@audio/effect-noiseshaper": "^1.0.0",
        "@audio/effect-phaser": "^1.0.0",
        "@audio/effect-pingpong": "^1.0.0",
        "@audio/effect-ringmod": "^1.0.0",
        "@audio/effect-rotary": "^0.1.0",
        "@audio/effect-sbr": "^1.0.0",
        "@audio/effect-slew": "^1.0.0",
        "@audio/effect-stutter": "^1.0.0",
        "@audio/effect-subbass": "^1.0.0",
        "@audio/effect-tapestop": "^0.1.0",
        "@audio/effect-tremolo": "^1.0.0",
        "@audio/effect-vibrato": "^2.0.0",
        "@audio/effect-wah": "^1.0.0"
      },
      "devDependencies": {
        "digital-filter": "file:../../digital-filter"
      },
      "engines": {
        "node": ">=18"
      },
      "funding": {
        "url": "https://github.com/sponsors/audiojs"
      }
    },
    "../../digital-filter": {
      "version": "2.4.1",
      "license": "MIT",
      "dependencies": {
        "window-function": "^3.0.1"
      },
      "devDependencies": {
        "tst": "^9.4.0"
      },
      "engines": {
        "node": ">=18"
      },
      "funding": {
        "url": "https://github.com/sponsors/audiojs"
      }
    },
    "node_modules/@audio/biquad": {
      "version": "1.2.0",
      "resolved": "https://registry.npmjs.org/@audio/biquad/-/biquad-1.2.0.tgz",
      "integrity": "sha512-2ya/NSmXFHWvHR9mJhIchO8DT0aCVfaX6cq9rxUp8MHU39ODJdrQ0vpoNZZjnIJQjFZI8s3qzFxD1MDOLWuSyQ==",
      "license": "MIT",
      "engines": {
        "node": ">=18"
      }
    },
    "node_modules/@audio/effect-autowah": {
      "resolved": "packages/effect-autowah",
      "link": true
    },
    "node_modules/@audio/effect-bitcrusher": {
      "resolved": "packages/effect-bitcrusher",
      "link": true
    },
    "node_modules/@audio/effect-chorus": {
      "resolved": "packages/effect-chorus",
      "link": true
    },
    "node_modules/@audio/effect-delay": {
      "resolved": "packages/effect-delay",
      "link": true
    },
    "node_modules/@audio/effect-distortion": {
      "resolved": "packages/effect-distortion",
      "link": true
    },
    "node_modules/@audio/effect-exciter": {
      "resolved": "packages/effect-exciter",
      "link": true
    },
    "node_modules/@audio/effect-flanger": {
      "resolved": "packages/effect-flanger",
      "link": true
    },
    "node_modules/@audio/effect-freqshift": {
      "resolved": "packages/effect-freqshift",
      "link": true
    },
    "node_modules/@audio/effect-gain": {
      "resolved": "packages/effect-gain",
      "link": true
    },
    "node_modules/@audio/effect-graindelay": {
      "resolved": "packages/effect-graindelay",
      "link": true
    },
    "node_modules/@audio/effect-lofi": {
      "resolved": "packages/effect-lofi",
      "link": true
    },
    "node_modules/@audio/effect-mixer": {
      "resolved": "packages/effect-mixer",
      "link": true
    },
    "node_modules/@audio/effect-multitap": {
      "resolved": "packages/effect-multitap",
      "link": true
    },
    "node_modules/@audio/effect-noiseshaper": {
      "resolved": "packages/effect-noiseshaper",
      "link": true
    },
    "node_modules/@audio/effect-phaser": {
      "resolved": "packages/effect-phaser",
      "link": true
    },
    "node_modules/@audio/effect-pingpong": {
      "resolved": "packages/effect-pingpong",
      "link": true
    },
    "node_modules/@audio/effect-ringmod": {
      "resolved": "packages/effect-ringmod",
      "link": true
    },
    "node_modules/@audio/effect-rotary": {
      "resolved": "packages/effect-rotary",
      "link": true
    },
    "node_modules/@audio/effect-sbr": {
      "resolved": "packages/effect-sbr",
      "link": true
    },
    "node_modules/@audio/effect-slew": {
      "resolved": "packages/effect-slew",
      "link": true
    },
    "node_modules/@audio/effect-stutter": {
      "resolved": "packages/effect-stutter",
      "link": true
    },
    "node_modules/@audio/effect-subbass": {
      "resolved": "packages/effect-subbass",
      "link": true
    },
    "node_modules/@audio/effect-tapestop": {
      "resolved": "packages/effect-tapestop",
      "link": true
    },
    "node_modules/@audio/effect-tremolo": {
      "resolved": "packages/effect-tremolo",
      "link": true
    },
    "node_modules/@audio/effect-vibrato": {
      "resolved": "packages/effect-vibrato",
      "link": true
    },
    "node_modules/@audio/effect-wah": {
      "resolved": "packages/effect-wah",
      "link": true
    },
    "node_modules/@audio/eq-crossover": {
      "version": "1.0.0",
      "resolved": "https://registry.npmjs.org/@audio/eq-crossover/-/eq-crossover-1.0.0.tgz",
      "integrity": "sha512-4CLMVwbTigia6fL9YViErgI7ZApabmtV/D8PzQrMHIcYokNJ6Wn5evt0UpLJPL6tlL8L93Ssy4OOWo1Kdr/x9A==",
      "license": "MIT",
      "dependencies": {
        "digital-filter": "^2.0.0"
      },
      "engines": {
        "node": ">=18"
      }
    },
    "node_modules/digital-filter": {
      "resolved": "../../digital-filter",
      "link": true
    },
    "packages/effect-autowah": {
      "name": "@audio/effect-autowah",
      "version": "1.1.4",
      "license": "MIT",
      "engines": {
        "node": ">=18"
      },
      "funding": {
        "url": "https://github.com/sponsors/audiojs"
      }
    },
    "packages/effect-bitcrusher": {
      "name": "@audio/effect-bitcrusher",
      "version": "1.1.4",
      "license": "MIT",
      "engines": {
        "node": ">=18"
      },
      "funding": {
        "url": "https://github.com/sponsors/audiojs"
      }
    },
    "packages/effect-chorus": {
      "name": "@audio/effect-chorus",
      "version": "2.0.1",
      "license": "MIT",
      "engines": {
        "node": ">=18"
      },
      "funding": {
        "url": "https://github.com/sponsors/audiojs"
      }
    },
    "packages/effect-delay": {
      "name": "@audio/effect-delay",
      "version": "1.0.4",
      "license": "MIT",
      "engines": {
        "node": ">=18"
      },
      "funding": {
        "url": "https://github.com/sponsors/audiojs"
      }
    },
    "packages/effect-distortion": {
      "name": "@audio/effect-distortion",
      "version": "1.1.4",
      "license": "MIT",
      "engines": {
        "node": ">=18"
      },
      "funding": {
        "url": "https://github.com/sponsors/audiojs"
      }
    },
    "packages/effect-exciter": {
      "name": "@audio/effect-exciter",
      "version": "1.1.4",
      "license": "MIT",
      "engines": {
        "node": ">=18"
      },
      "funding": {
        "url": "https://github.com/sponsors/audiojs"
      }
    },
    "packages/effect-flanger": {
      "name": "@audio/effect-flanger",
      "version": "2.0.1",
      "license": "MIT",
      "engines": {
        "node": ">=18"
      },
      "funding": {
        "url": "https://github.com/sponsors/audiojs"
      }
    },
    "packages/effect-freqshift": {
      "name": "@audio/effect-freqshift",
      "version": "1.1.5",
      "license": "MIT",
      "engines": {
        "node": ">=18"
      },
      "funding": {
        "url": "https://github.com/sponsors/audiojs"
      }
    },
    "packages/effect-gain": {
      "name": "@audio/effect-gain",
      "version": "1.1.1",
      "license": "MIT",
      "engines": {
        "node": ">=18"
      },
      "funding": {
        "url": "https://github.com/sponsors/audiojs"
      }
    },
    "packages/effect-graindelay": {
      "name": "@audio/effect-graindelay",
      "version": "1.1.5",
      "license": "MIT",
      "engines": {
        "node": ">=18"
      },
      "funding": {
        "url": "https://github.com/sponsors/audiojs"
      }
    },
    "packages/effect-lofi": {
      "name": "@audio/effect-lofi",
      "version": "1.1.5",
      "license": "MIT",
      "engines": {
        "node": ">=18"
      },
      "funding": {
        "url": "https://github.com/sponsors/audiojs"
      }
    },
    "packages/effect-mixer": {
      "name": "@audio/effect-mixer",
      "version": "1.0.1",
      "license": "MIT",
      "engines": {
        "node": ">=18"
      },
      "funding": {
        "url": "https://github.com/sponsors/audiojs"
      }
    },
    "packages/effect-multitap": {
      "name": "@audio/effect-multitap",
      "version": "1.1.5",
      "license": "MIT",
      "engines": {
        "node": ">=18"
      },
      "funding": {
        "url": "https://github.com/sponsors/audiojs"
      }
    },
    "packages/effect-noiseshaper": {
      "name": "@audio/effect-noiseshaper",
      "version": "1.1.4",
      "license": "MIT",
      "engines": {
        "node": ">=18"
      },
      "funding": {
        "url": "https://github.com/sponsors/audiojs"
      }
    },
    "packages/effect-phaser": {
      "name": "@audio/effect-phaser",
      "version": "1.1.5",
      "license": "MIT",
      "engines": {
        "node": ">=18"
      },
      "funding": {
        "url": "https://github.com/sponsors/audiojs"
      }
    },
    "packages/effect-pingpong": {
      "name": "@audio/effect-pingpong",
      "version": "1.1.4",
      "license": "MIT",
      "engines": {
        "node": ">=18"
      },
      "funding": {
        "url": "https://github.com/sponsors/audiojs"
      }
    },
    "packages/effect-ringmod": {
      "name": "@audio/effect-ringmod",
      "version": "1.1.4",
      "license": "MIT",
      "engines": {
        "node": ">=18"
      },
      "funding": {
        "url": "https://github.com/sponsors/audiojs"
      }
    },
    "packages/effect-rotary": {
      "name": "@audio/effect-rotary",
      "version": "0.1.1",
      "license": "MIT",
      "dependencies": {
        "@audio/biquad": "^1.1.0",
        "@audio/eq-crossover": "^1.0.0"
      },
      "engines": {
        "node": ">=18"
      },
      "funding": {
        "url": "https://github.com/sponsors/audiojs"
      }
    },
    "packages/effect-sbr": {
      "name": "@audio/effect-sbr",
      "version": "1.1.5",
      "license": "MIT",
      "engines": {
        "node": ">=18"
      },
      "funding": {
        "url": "https://github.com/sponsors/audiojs"
      }
    },
    "packages/effect-slew": {
      "name": "@audio/effect-slew",
      "version": "1.1.4",
      "license": "MIT",
      "engines": {
        "node": ">=18"
      },
      "funding": {
        "url": "https://github.com/sponsors/audiojs"
      }
    },
    "packages/effect-stutter": {
      "name": "@audio/effect-stutter",
      "version": "1.1.5",
      "license": "MIT",
      "engines": {
        "node": ">=18"
      },
      "funding": {
        "url": "https://github.com/sponsors/audiojs"
      }
    },
    "packages/effect-subbass": {
      "name": "@audio/effect-subbass",
      "version": "1.1.5",
      "license": "MIT",
      "engines": {
        "node": ">=18"
      },
      "funding": {
        "url": "https://github.com/sponsors/audiojs"
      }
    },
    "packages/effect-tapestop": {
      "name": "@audio/effect-tapestop",
      "version": "0.1.1",
      "license": "MIT",
      "engines": {
        "node": ">=18"
      },
      "funding": {
        "url": "https://github.com/sponsors/audiojs"
      }
    },
    "packages/effect-tremolo": {
      "name": "@audio/effect-tremolo",
      "version": "1.1.4",
      "license": "MIT",
      "engines": {
        "node": ">=18"
      },
      "funding": {
        "url": "https://github.com/sponsors/audiojs"
      }
    },
    "packages/effect-vibrato": {
      "name": "@audio/effect-vibrato",
      "version": "2.0.1",
      "license": "MIT",
      "engines": {
        "node": ">=18"
      },
      "funding": {
        "url": "https://github.com/sponsors/audiojs"
      }
    },
    "packages/effect-wah": {
      "name": "@audio/effect-wah",
      "version": "1.1.4",
      "license": "MIT",
      "engines": {
        "node": ">=18"
      },
      "funding": {
        "url": "https://github.com/sponsors/audiojs"
      }
    }
  }
}
