{
  "name": "@audio/effect",
  "version": "2.0.0",
  "lockfileVersion": 3,
  "requires": true,
  "packages": {
    "": {
      "name": "@audio/effect",
      "version": "2.0.0",
      "license": "MIT",
      "workspaces": [
        "packages/*"
      ],
      "dependencies": {
        "@audio/effect-autowah": "^1.0.0",
        "@audio/effect-bitcrusher": "^1.0.0",
        "@audio/effect-chorus": "^1.0.0",
        "@audio/effect-delay": "^1.0.0",
        "@audio/effect-distortion": "^1.0.0",
        "@audio/effect-exciter": "^1.0.0",
        "@audio/effect-flanger": "^1.0.0",
        "@audio/effect-freqshift": "^1.0.0",
        "@audio/effect-gain": "^1.0.0",
        "@audio/effect-mixer": "^1.0.0",
        "@audio/effect-multitap": "^1.0.0",
        "@audio/effect-noiseshaper": "^1.0.0",
        "@audio/effect-phaser": "^1.0.0",
        "@audio/effect-pingpong": "^1.0.0",
        "@audio/effect-reverb": "^1.0.0",
        "@audio/effect-ringmod": "^1.0.0",
        "@audio/effect-slew": "^1.0.0",
        "@audio/effect-tremolo": "^1.0.0",
        "@audio/effect-vibrato": "^1.0.0",
        "@audio/effect-wah": "^1.0.0"
      },
      "devDependencies": {
        "digital-filter": "file:../../digital-filter"
      },
      "engines": {
        "node": ">=18"
      }
    },
    "../../digital-filter": {
      "version": "3.0.0",
      "dev": true,
      "license": "MIT",
      "devDependencies": {
        "tst": "^9.4.0"
      },
      "engines": {
        "node": ">=18"
      }
    },
    "../digital-filter": {
      "version": "2.3.0",
      "extraneous": true,
      "license": "MIT",
      "devDependencies": {
        "tst": "^9.4.0"
      },
      "engines": {
        "node": ">=18"
      }
    },
    "node_modules/@audio/effect-autowah": {
      "resolved": "packages/effect-autowah",
      "link": true
    },
    "node_modules/@audio/effect-bitcrusher": {
      "resolved": "packages/effect-bitcrusher",
      "link": true
    },
    "node_modules/@audio/effect-chorus": {
      "resolved": "packages/effect-chorus",
      "link": true
    },
    "node_modules/@audio/effect-convolver": {
      "resolved": "packages/effect-convolver",
      "link": true
    },
    "node_modules/@audio/effect-dattorro": {
      "resolved": "packages/effect-dattorro",
      "link": true
    },
    "node_modules/@audio/effect-delay": {
      "resolved": "packages/effect-delay",
      "link": true
    },
    "node_modules/@audio/effect-distortion": {
      "resolved": "packages/effect-distortion",
      "link": true
    },
    "node_modules/@audio/effect-exciter": {
      "resolved": "packages/effect-exciter",
      "link": true
    },
    "node_modules/@audio/effect-flanger": {
      "resolved": "packages/effect-flanger",
      "link": true
    },
    "node_modules/@audio/effect-freeverb": {
      "resolved": "packages/effect-freeverb",
      "link": true
    },
    "node_modules/@audio/effect-freqshift": {
      "resolved": "packages/effect-freqshift",
      "link": true
    },
    "node_modules/@audio/effect-gain": {
      "resolved": "packages/effect-gain",
      "link": true
    },
    "node_modules/@audio/effect-mixer": {
      "resolved": "packages/effect-mixer",
      "link": true
    },
    "node_modules/@audio/effect-multitap": {
      "resolved": "packages/effect-multitap",
      "link": true
    },
    "node_modules/@audio/effect-noiseshaper": {
      "resolved": "packages/effect-noiseshaper",
      "link": true
    },
    "node_modules/@audio/effect-phaser": {
      "resolved": "packages/effect-phaser",
      "link": true
    },
    "node_modules/@audio/effect-pingpong": {
      "resolved": "packages/effect-pingpong",
      "link": true
    },
    "node_modules/@audio/effect-reverb": {
      "resolved": "packages/effect-reverb",
      "link": true
    },
    "node_modules/@audio/effect-ringmod": {
      "resolved": "packages/effect-ringmod",
      "link": true
    },
    "node_modules/@audio/effect-sbr": {
      "resolved": "packages/effect-sbr",
      "link": true
    },
    "node_modules/@audio/effect-slew": {
      "resolved": "packages/effect-slew",
      "link": true
    },
    "node_modules/@audio/effect-tremolo": {
      "resolved": "packages/effect-tremolo",
      "link": true
    },
    "node_modules/@audio/effect-vibrato": {
      "resolved": "packages/effect-vibrato",
      "link": true
    },
    "node_modules/@audio/effect-wah": {
      "resolved": "packages/effect-wah",
      "link": true
    },
    "node_modules/digital-filter": {
      "resolved": "../../digital-filter",
      "link": true
    },
    "packages/effect-autowah": {
      "name": "@audio/effect-autowah",
      "version": "1.0.0",
      "license": "MIT",
      "engines": {
        "node": ">=18"
      }
    },
    "packages/effect-bitcrusher": {
      "name": "@audio/effect-bitcrusher",
      "version": "1.0.0",
      "license": "MIT",
      "engines": {
        "node": ">=18"
      }
    },
    "packages/effect-chorus": {
      "name": "@audio/effect-chorus",
      "version": "1.0.0",
      "license": "MIT",
      "engines": {
        "node": ">=18"
      }
    },
    "packages/effect-convolver": {
      "name": "@audio/effect-convolver",
      "version": "0.0.0",
      "license": "MIT",
      "engines": {
        "node": ">=18"
      }
    },
    "packages/effect-dattorro": {
      "name": "@audio/effect-dattorro",
      "version": "0.0.0",
      "license": "MIT",
      "engines": {
        "node": ">=18"
      }
    },
    "packages/effect-delay": {
      "name": "@audio/effect-delay",
      "version": "1.0.0",
      "license": "MIT",
      "engines": {
        "node": ">=18"
      }
    },
    "packages/effect-distortion": {
      "name": "@audio/effect-distortion",
      "version": "1.0.0",
      "license": "MIT",
      "engines": {
        "node": ">=18"
      }
    },
    "packages/effect-exciter": {
      "name": "@audio/effect-exciter",
      "version": "1.0.0",
      "license": "MIT",
      "engines": {
        "node": ">=18"
      }
    },
    "packages/effect-flanger": {
      "name": "@audio/effect-flanger",
      "version": "1.0.0",
      "license": "MIT",
      "engines": {
        "node": ">=18"
      }
    },
    "packages/effect-freeverb": {
      "name": "@audio/effect-freeverb",
      "version": "0.0.0",
      "license": "MIT",
      "engines": {
        "node": ">=18"
      }
    },
    "packages/effect-freqshift": {
      "name": "@audio/effect-freqshift",
      "version": "1.0.0",
      "license": "MIT",
      "engines": {
        "node": ">=18"
      }
    },
    "packages/effect-gain": {
      "name": "@audio/effect-gain",
      "version": "1.0.0",
      "license": "MIT",
      "engines": {
        "node": ">=18"
      }
    },
    "packages/effect-mixer": {
      "name": "@audio/effect-mixer",
      "version": "1.0.0",
      "license": "MIT",
      "engines": {
        "node": ">=18"
      }
    },
    "packages/effect-multitap": {
      "name": "@audio/effect-multitap",
      "version": "1.0.0",
      "license": "MIT",
      "engines": {
        "node": ">=18"
      }
    },
    "packages/effect-noiseshaper": {
      "name": "@audio/effect-noiseshaper",
      "version": "1.0.0",
      "license": "MIT",
      "engines": {
        "node": ">=18"
      }
    },
    "packages/effect-phaser": {
      "name": "@audio/effect-phaser",
      "version": "1.0.0",
      "license": "MIT",
      "engines": {
        "node": ">=18"
      }
    },
    "packages/effect-pingpong": {
      "name": "@audio/effect-pingpong",
      "version": "1.0.0",
      "license": "MIT",
      "engines": {
        "node": ">=18"
      }
    },
    "packages/effect-reverb": {
      "name": "@audio/effect-reverb",
      "version": "1.0.0",
      "license": "MIT",
      "engines": {
        "node": ">=18"
      }
    },
    "packages/effect-ringmod": {
      "name": "@audio/effect-ringmod",
      "version": "1.0.0",
      "license": "MIT",
      "engines": {
        "node": ">=18"
      }
    },
    "packages/effect-sbr": {
      "name": "@audio/effect-sbr",
      "version": "0.0.0",
      "license": "MIT",
      "engines": {
        "node": ">=18"
      }
    },
    "packages/effect-slew": {
      "name": "@audio/effect-slew",
      "version": "1.0.0",
      "license": "MIT",
      "engines": {
        "node": ">=18"
      }
    },
    "packages/effect-tremolo": {
      "name": "@audio/effect-tremolo",
      "version": "1.0.0",
      "license": "MIT",
      "engines": {
        "node": ">=18"
      }
    },
    "packages/effect-vibrato": {
      "name": "@audio/effect-vibrato",
      "version": "1.0.0",
      "license": "MIT",
      "engines": {
        "node": ">=18"
      }
    },
    "packages/effect-wah": {
      "name": "@audio/effect-wah",
      "version": "1.0.0",
      "license": "MIT",
      "engines": {
        "node": ">=18"
      }
    }
  }
}
